
Microsoft Visual Studio Solution File, Format Version 12.00
# Visual Studio 15
VisualStudioVersion = 15.0.28010.2003
MinimumVisualStudioVersion = 10.0.40219.1
Project("{9A19103F-16F7-4668-BE54-9A1E7A4F7556}") = "01Disposable", "01Disposable\01Disposable.csproj", "{B8F38E65-384D-4999-9D8E-8F3670CE8B13}"
EndProject
Project("{FAE04EC0-301F-11D3-BF4B-00C04F79EFBC}") = "02Ienurable", "02Ienurable\02Ienurable.csproj", "{60EAB8FB-B08D-402B-B8F6-D30DDEA59F4C}"
EndProject
Global
	GlobalSection(SolutionConfigurationPlatforms) = preSolution
		Debug|Any CPU = Debug|Any CPU
		Release|Any CPU = Release|Any CPU
	EndGlobalSection
	GlobalSection(ProjectConfigurationPlatforms) = postSolution
		{B8F38E65-384D-4999-9D8E-8F3670CE8B13}.Debug|Any CPU.ActiveCfg = Debug|Any CPU
		{B8F38E65-384D-4999-9D8E-8F3670CE8B13}.Debug|Any CPU.Build.0 = Debug|Any CPU
		{B8F38E65-384D-4999-9D8E-8F3670CE8B13}.Release|Any CPU.ActiveCfg = Release|Any CPU
		{B8F38E65-384D-4999-9D8E-8F3670CE8B13}.Release|Any CPU.Build.0 = Release|Any CPU
		{60EAB8FB-B08D-402B-B8F6-D30DDEA59F4C}.Debug|Any CPU.ActiveCfg = Debug|Any CPU
		{60EAB8FB-B08D-402B-B8F6-D30DDEA59F4C}.Debug|Any CPU.Build.0 = Debug|Any CPU
		{60EAB8FB-B08D-402B-B8F6-D30DDEA59F4C}.Release|Any CPU.ActiveCfg = Release|Any CPU
		{60EAB8FB-B08D-402B-B8F6-D30DDEA59F4C}.Release|Any CPU.Build.0 = Release|Any CPU
	EndGlobalSection
	GlobalSection(SolutionProperties) = preSolution
		HideSolutionNode = FALSE
	EndGlobalSection
	GlobalSection(ExtensibilityGlobals) = postSolution
		SolutionGuid = {2EF06E63-8C05-4C07-8E78-E6728DF3B315}
	EndGlobalSection
EndGlobal
