
Microsoft Visual Studio Solution File, Format Version 12.00
# Visual Studio 15
VisualStudioVersion = 15.0.28010.2003
MinimumVisualStudioVersion = 10.0.40219.1
Project("{9A19103F-16F7-4668-BE54-9A1E7A4F7556}") = "01IEnurableT", "01IEnurableT\01IEnurableT.csproj", "{F62CD176-68C5-4C89-ABDE-B08F6B5A9B33}"
EndProject
Project("{FAE04EC0-301F-11D3-BF4B-00C04F79EFBC}") = "02Exceptions", "..\02Exceptions\02Exceptions.csproj", "{B952A243-32F8-4C9D-BF15-6D760D6CEEE5}"
EndProject
Global
	GlobalSection(SolutionConfigurationPlatforms) = preSolution
		Debug|Any CPU = Debug|Any CPU
		Release|Any CPU = Release|Any CPU
	EndGlobalSection
	GlobalSection(ProjectConfigurationPlatforms) = postSolution
		{F62CD176-68C5-4C89-ABDE-B08F6B5A9B33}.Debug|Any CPU.ActiveCfg = Debug|Any CPU
		{F62CD176-68C5-4C89-ABDE-B08F6B5A9B33}.Debug|Any CPU.Build.0 = Debug|Any CPU
		{F62CD176-68C5-4C89-ABDE-B08F6B5A9B33}.Release|Any CPU.ActiveCfg = Release|Any CPU
		{F62CD176-68C5-4C89-ABDE-B08F6B5A9B33}.Release|Any CPU.Build.0 = Release|Any CPU
		{B952A243-32F8-4C9D-BF15-6D760D6CEEE5}.Debug|Any CPU.ActiveCfg = Debug|Any CPU
		{B952A243-32F8-4C9D-BF15-6D760D6CEEE5}.Debug|Any CPU.Build.0 = Debug|Any CPU
		{B952A243-32F8-4C9D-BF15-6D760D6CEEE5}.Release|Any CPU.ActiveCfg = Release|Any CPU
		{B952A243-32F8-4C9D-BF15-6D760D6CEEE5}.Release|Any CPU.Build.0 = Release|Any CPU
	EndGlobalSection
	GlobalSection(SolutionProperties) = preSolution
		HideSolutionNode = FALSE
	EndGlobalSection
	GlobalSection(ExtensibilityGlobals) = postSolution
		SolutionGuid = {3ABADD3F-ECC7-4532-AA6D-0262CB0E0754}
	EndGlobalSection
EndGlobal
