
Microsoft Visual Studio Solution File, Format Version 12.00
# Visual Studio 15
VisualStudioVersion = 15.0.27703.2042
MinimumVisualStudioVersion = 10.0.40219.1
Project("{FAE04EC0-301F-11D3-BF4B-00C04F79EFBC}") = "01ValtozokCore", "01ValtozokCore\01ValtozokCore.csproj", "{A990B4E9-81AA-4F67-8B55-88AA80A1D891}"
EndProject
Global
	GlobalSection(SolutionConfigurationPlatforms) = preSolution
		Debug|Any CPU = Debug|Any CPU
		Release|Any CPU = Release|Any CPU
	EndGlobalSection
	GlobalSection(ProjectConfigurationPlatforms) = postSolution
		{A990B4E9-81AA-4F67-8B55-88AA80A1D891}.Debug|Any CPU.ActiveCfg = Debug|Any CPU
		{A990B4E9-81AA-4F67-8B55-88AA80A1D891}.Debug|Any CPU.Build.0 = Debug|Any CPU
		{A990B4E9-81AA-4F67-8B55-88AA80A1D891}.Release|Any CPU.ActiveCfg = Release|Any CPU
		{A990B4E9-81AA-4F67-8B55-88AA80A1D891}.Release|Any CPU.Build.0 = Release|Any CPU
	EndGlobalSection
	GlobalSection(SolutionProperties) = preSolution
		HideSolutionNode = FALSE
	EndGlobalSection
	GlobalSection(ExtensibilityGlobals) = postSolution
		SolutionGuid = {23F3DB8A-72CD-45E2-ADE6-31A370F49737}
	EndGlobalSection
EndGlobal
